<Solution>
    <Folder Name="/Solution Items/">
        <File Path="Dockerfile"/>
        <File Path="README.md"/>
    </Folder>
    <Folder Name="/src/">
        <Project
                Path="src/RedShirt.Example.Api.Common.Aws.SsmSecretManager/RedShirt.Example.Api.Common.Aws.SsmSecretManager.csproj"/>
        <Project Path="src/RedShirt.Example.Api.Common.Aws/RedShirt.Example.Api.Common.Aws.csproj"/>
        <Project
                Path="src/RedShirt.Example.Api.Common.SecretManagers.Core/RedShirt.Example.Api.Common.SecretManagers.Core.csproj"/>
        <Project Path="src/RedShirt.Example.Api.Core/RedShirt.Example.Api.Core.csproj"/>
        <Project Path="src/RedShirt.Example.Api/RedShirt.Example.Api.csproj"/>
        <Project Path="src\RedShirt.Example.Api.Common.RateLimiting\RedShirt.Example.Api.Common.RateLimiting.csproj"/>
        <Project Path="src\RedShirt.Example.Api.Common.Redis\RedShirt.Example.Api.Common.Redis.csproj"/>
        <Project Path="src\RedShirt.Example.Api.Common\RedShirt.Example.Api.Common.csproj"/>
        <Project
                Path="src\RedShirt.Example.Api.Implementations.ExampleItem\RedShirt.Example.Api.Implementations.ExampleItem.csproj"/>
    </Folder>
    <Folder Name="/swagger/">
        <Project Path="swagger/RedShirt.Example.Api.Interop/RedShirt.Example.Api.Interop.csproj"/>
    </Folder>
    <Folder Name="/test/">
        <Project
                Path="test/RedShirt.Example.Api.Common.Aws.SsmSecretManager.UnitTests/RedShirt.Example.Api.Common.Aws.SsmSecretManager.UnitTests.csproj"/>
        <Project
                Path="test/RedShirt.Example.Api.Common.Aws.UnitTests/RedShirt.Example.Api.Common.Aws.UnitTests.csproj"/>
        <Project
                Path="test/RedShirt.Example.Api.Common.RateLimiting.UnitTests/RedShirt.Example.Api.Common.RateLimiting.UnitTests.csproj"/>
        <Project
                Path="test/RedShirt.Example.Api.Common.SecretManagers.Core.UnitTests/RedShirt.Example.Api.Common.SecretManagers.Core.UnitTests.csproj"/>
        <Project Path="test/RedShirt.Example.Api.Core.UnitTests/RedShirt.Example.Api.Core.UnitTests.csproj"/>
        <Project Path="test/RedShirt.Example.Api.IntegrationTests/RedShirt.Example.Api.IntegrationTests.csproj"/>
        <Project Path="test/RedShirt.Example.Api.UnitTests/RedShirt.Example.Api.UnitTests.csproj"/>
        <Project
                Path="test\RedShirt.Example.Api.Common.Redis.UnitTests\RedShirt.Example.Api.Common.Redis.UnitTests.csproj"/>
        <Project
                Path="test\RedShirt.Example.Api.Implementations.ExampleItem.UnitTests\RedShirt.Example.Api.Implementations.ExampleItem.UnitTests.csproj"/>
    </Folder>
</Solution>
